// !$*UTF8*$!
{
	archiveVersion = 1;
	classes = {
	};
	objectVersion = 56;
	objects = {

/* Begin PBXBuildFile section */
		DBFE89F42D599C5700835A04 /* AppDelegate.swift in Sources */ = {isa = PBXBuildFile; fileRef = DBFE89F32D599C5700835A04 /* AppDelegate.swift */; };
		DBFE89F62D599C5700835A04 /* SceneDelegate.swift in Sources */ = {isa = PBXBuildFile; fileRef = DBFE89F52D599C5700835A04 /* SceneDelegate.swift */; };
		DBFE89F82D599C5700835A04 /* ViewController.swift in Sources */ = {isa = PBXBuildFile; fileRef = DBFE89F72D599C5700835A04 /* ViewController.swift */; };
		DBFE89FB2D599C5700835A04 /* Base in Resources */ = {isa = PBXBuildFile; fileRef = DBFE89FA2D599C5700835A04 /* Base */; };
		DBFE89FD2D599C5800835A04 /* Assets.xcassets in Resources */ = {isa = PBXBuildFile; fileRef = DBFE89FC2D599C5800835A04 /* Assets.xcassets */; };
		DBFE8A002D599C5800835A04 /* Base in Resources */ = {isa = PBXBuildFile; fileRef = DBFE89FF2D599C5800835A04 /* Base */; };
		DBFE8A0B2D599C5900835A04 /* AppPhotoListTests.swift in Sources */ = {isa = PBXBuildFile; fileRef = DBFE8A0A2D599C5900835A04 /* AppPhotoListTests.swift */; };
		DBFE8A152D599C5900835A04 /* AppPhotoListUITests.swift in Sources */ = {isa = PBXBuildFile; fileRef = DBFE8A142D599C5900835A04 /* AppPhotoListUITests.swift */; };
		DBFE8A172D599C5900835A04 /* AppPhotoListUITestsLaunchTests.swift in Sources */ = {isa = PBXBuildFile; fileRef = DBFE8A162D599C5900835A04 /* AppPhotoListUITestsLaunchTests.swift */; };
/* End PBXBuildFile section */

/* Begin PBXContainerItemProxy section */
		DBFE8A072D599C5900835A04 /* PBXContainerItemProxy */ = {
			isa = PBXContainerItemProxy;
			containerPortal = DBFE89E82D599C5700835A04 /* Project object */;
			proxyType = 1;
			remoteGlobalIDString = DBFE89EF2D599C5700835A04;
			remoteInfo = AppPhotoList;
		};
		DBFE8A112D599C5900835A04 /* PBXContainerItemProxy */ = {
			isa = PBXContainerItemProxy;
			containerPortal = DBFE89E82D599C5700835A04 /* Project object */;
			proxyType = 1;
			remoteGlobalIDString = DBFE89EF2D599C5700835A04;
			remoteInfo = AppPhotoList;
		};
/* End PBXContainerItemProxy section */

/* Begin PBXFileReference section */
		DBFE89F02D599C5700835A04 /* AppPhotoList.app */ = {isa = PBXFileReference; explicitFileType = wrapper.application; includeInIndex = 0; path = AppPhotoList.app; sourceTree = BUILT_PRODUCTS_DIR; };
		DBFE89F32D599C5700835A04 /* AppDelegate.swift */ = {isa = PBXFileReference; lastKnownFileType = sourcecode.swift; path = AppDelegate.swift; sourceTree = "<group>"; };
		DBFE89F52D599C5700835A04 /* SceneDelegate.swift */ = {isa = PBXFileReference; lastKnownFileType = sourcecode.swift; path = SceneDelegate.swift; sourceTree = "<group>"; };
		DBFE89F72D599C5700835A04 /* ViewController.swift */ = {isa = PBXFileReference; lastKnownFileType = sourcecode.swift; path = ViewController.swift; sourceTree = "<group>"; };
		DBFE89FA2D599C5700835A04 /* Base */ = {isa = PBXFileReference; lastKnownFileType = file.storyboard; name = Base; path = Base.lproj/Main.storyboard; sourceTree = "<group>"; };
		DBFE89FC2D599C5800835A04 /* Assets.xcassets */ = {isa = PBXFileReference; lastKnownFileType = folder.assetcatalog; path = Assets.xcassets; sourceTree = "<group>"; };
		DBFE89FF2D599C5800835A04 /* Base */ = {isa = PBXFileReference; lastKnownFileType = file.storyboard; name = Base; path = Base.lproj/LaunchScreen.storyboard; sourceTree = "<group>"; };
		DBFE8A012D599C5800835A04 /* Info.plist */ = {isa = PBXFileReference; lastKnownFileType = text.plist.xml; path = Info.plist; sourceTree = "<group>"; };
		DBFE8A062D599C5900835A04 /* AppPhotoListTests.xctest */ = {isa = PBXFileReference; explicitFileType = wrapper.cfbundle; includeInIndex = 0; path = AppPhotoListTests.xctest; sourceTree = BUILT_PRODUCTS_DIR; };
		DBFE8A0A2D599C5900835A04 /* AppPhotoListTests.swift */ = {isa = PBXFileReference; lastKnownFileType = sourcecode.swift; path = AppPhotoListTests.swift; sourceTree = "<group>"; };
		DBFE8A102D599C5900835A04 /* AppPhotoListUITests.xctest */ = {isa = PBXFileReference; explicitFileType = wrapper.cfbundle; includeInIndex = 0; path = AppPhotoListUITests.xctest; sourceTree = BUILT_PRODUCTS_DIR; };
		DBFE8A142D599C5900835A04 /* AppPhotoListUITests.swift */ = {isa = PBXFileReference; lastKnownFileType = sourcecode.swift; path = AppPhotoListUITests.swift; sourceTree = "<group>"; };
		DBFE8A162D599C5900835A04 /* AppPhotoListUITestsLaunchTests.swift */ = {isa = PBXFileReference; lastKnownFileType = sourcecode.swift; path = AppPhotoListUITestsLaunchTests.swift; sourceTree = "<group>"; };
/* End PBXFileReference section */

/* Begin PBXFrameworksBuildPhase section */
		DBFE89ED2D599C5700835A04 /* Frameworks */ = {
			isa = PBXFrameworksBuildPhase;
			buildActionMask = 2147483647;
			files = (
			);
			runOnlyForDeploymentPostprocessing = 0;
		};
		DBFE8A032D599C5900835A04 /* Frameworks */ = {
			isa = PBXFrameworksBuildPhase;
			buildActionMask = 2147483647;
			files = (
			);
			runOnlyForDeploymentPostprocessing = 0;
		};
		DBFE8A0D2D599C5900835A04 /* Frameworks */ = {
			isa = PBXFrameworksBuildPhase;
			buildActionMask = 2147483647;
			files = (
			);
			runOnlyForDeploymentPostprocessing = 0;
		};
/* End PBXFrameworksBuildPhase section */

/* Begin PBXGroup section */
		DBFE89E72D599C5700835A04 = {
			isa = PBXGroup;
			children = (
				DBFE89F22D599C5700835A04 /* AppPhotoList */,
				DBFE8A092D599C5900835A04 /* AppPhotoListTests */,
				DBFE8A132D599C5900835A04 /* AppPhotoListUITests */,
				DBFE89F12D599C5700835A04 /* Products */,
			);
			sourceTree = "<group>";
		};
		DBFE89F12D599C5700835A04 /* Products */ = {
			isa = PBXGroup;
			children = (
				DBFE89F02D599C5700835A04 /* AppPhotoList.app */,
				DBFE8A062D599C5900835A04 /* AppPhotoListTests.xctest */,
				DBFE8A102D599C5900835A04 /* AppPhotoListUITests.xctest */,
			);
			name = Products;
			sourceTree = "<group>";
		};
		DBFE89F22D599C5700835A04 /* AppPhotoList */ = {
			isa = PBXGroup;
			children = (
				DBFE89F32D599C5700835A04 /* AppDelegate.swift */,
				DBFE89F52D599C5700835A04 /* SceneDelegate.swift */,
				DBFE89F72D599C5700835A04 /* ViewController.swift */,
				DBFE89F92D599C5700835A04 /* Main.storyboard */,
				DBFE89FC2D599C5800835A04 /* Assets.xcassets */,
				DBFE89FE2D599C5800835A04 /* LaunchScreen.storyboard */,
				DBFE8A012D599C5800835A04 /* Info.plist */,
			);
			path = AppPhotoList;
			sourceTree = "<group>";
		};
		DBFE8A092D599C5900835A04 /* AppPhotoListTests */ = {
			isa = PBXGroup;
			children = (
				DBFE8A0A2D599C5900835A04 /* AppPhotoListTests.swift */,
			);
			path = AppPhotoListTests;
			sourceTree = "<group>";
		};
		DBFE8A132D599C5900835A04 /* AppPhotoListUITests */ = {
			isa = PBXGroup;
			children = (
				DBFE8A142D599C5900835A04 /* AppPhotoListUITests.swift */,
				DBFE8A162D599C5900835A04 /* AppPhotoListUITestsLaunchTests.swift */,
			);
			path = AppPhotoListUITests;
			sourceTree = "<group>";
		};
/* End PBXGroup section */

/* Begin PBXNativeTarget section */
		DBFE89EF2D599C5700835A04 /* AppPhotoList */ = {
			isa = PBXNativeTarget;
			buildConfigurationList = DBFE8A1A2D599C5900835A04 /* Build configuration list for PBXNativeTarget "AppPhotoList" */;
			buildPhases = (
				DBFE89EC2D599C5700835A04 /* Sources */,
				DBFE89ED2D599C5700835A04 /* Frameworks */,
				DBFE89EE2D599C5700835A04 /* Resources */,
			);
			buildRules = (
			);
			dependencies = (
			);
			name = AppPhotoList;
			productName = AppPhotoList;
			productReference = DBFE89F02D599C5700835A04 /* AppPhotoList.app */;
			productType = "com.apple.product-type.application";
		};
		DBFE8A052D599C5900835A04 /* AppPhotoListTests */ = {
			isa = PBXNativeTarget;
			buildConfigurationList = DBFE8A1D2D599C5900835A04 /* Build configuration list for PBXNativeTarget "AppPhotoListTests" */;
			buildPhases = (
				DBFE8A022D599C5900835A04 /* Sources */,
				DBFE8A032D599C5900835A04 /* Frameworks */,
				DBFE8A042D599C5900835A04 /* Resources */,
			);
			buildRules = (
			);
			dependencies = (
				DBFE8A082D599C5900835A04 /* PBXTargetDependency */,
			);
			name = AppPhotoListTests;
			productName = AppPhotoListTests;
			productReference = DBFE8A062D599C5900835A04 /* AppPhotoListTests.xctest */;
			productType = "com.apple.product-type.bundle.unit-test";
		};
		DBFE8A0F2D599C5900835A04 /* AppPhotoListUITests */ = {
			isa = PBXNativeTarget;
			buildConfigurationList = DBFE8A202D599C5900835A04 /* Build configuration list for PBXNativeTarget "AppPhotoListUITests" */;
			buildPhases = (
				DBFE8A0C2D599C5900835A04 /* Sources */,
				DBFE8A0D2D599C5900835A04 /* Frameworks */,
				DBFE8A0E2D599C5900835A04 /* Resources */,
			);
			buildRules = (
			);
			dependencies = (
				DBFE8A122D599C5900835A04 /* PBXTargetDependency */,
			);
			name = AppPhotoListUITests;
			productName = AppPhotoListUITests;
			productReference = DBFE8A102D599C5900835A04 /* AppPhotoListUITests.xctest */;
			productType = "com.apple.product-type.bundle.ui-testing";
		};
/* End PBXNativeTarget section */

/* Begin PBXProject section */
		DBFE89E82D599C5700835A04 /* Project object */ = {
			isa = PBXProject;
			attributes = {
				BuildIndependentTargetsInParallel = 1;
				LastSwiftUpdateCheck = 1540;
				LastUpgradeCheck = 1540;
				TargetAttributes = {
					DBFE89EF2D599C5700835A04 = {
						CreatedOnToolsVersion = 15.4;
					};
					DBFE8A052D599C5900835A04 = {
						CreatedOnToolsVersion = 15.4;
						TestTargetID = DBFE89EF2D599C5700835A04;
					};
					DBFE8A0F2D599C5900835A04 = {
						CreatedOnToolsVersion = 15.4;
						TestTargetID = DBFE89EF2D599C5700835A04;
					};
				};
			};
			buildConfigurationList = DBFE89EB2D599C5700835A04 /* Build configuration list for PBXProject "AppPhotoList" */;
			compatibilityVersion = "Xcode 14.0";
			developmentRegion = en;
			hasScannedForEncodings = 0;
			knownRegions = (
				en,
				Base,
			);
			mainGroup = DBFE89E72D599C5700835A04;
			productRefGroup = DBFE89F12D599C5700835A04 /* Products */;
			projectDirPath = "";
			projectRoot = "";
			targets = (
				DBFE89EF2D599C5700835A04 /* AppPhotoList */,
				DBFE8A052D599C5900835A04 /* AppPhotoListTests */,
				DBFE8A0F2D599C5900835A04 /* AppPhotoListUITests */,
			);
		};
/* End PBXProject section */

/* Begin PBXResourcesBuildPhase section */
		DBFE89EE2D599C5700835A04 /* Resources */ = {
			isa = PBXResourcesBuildPhase;
			buildActionMask = 2147483647;
			files = (
				DBFE89FD2D599C5800835A04 /* Assets.xcassets in Resources */,
				DBFE8A002D599C5800835A04 /* Base in Resources */,
				DBFE89FB2D599C5700835A04 /* Base in Resources */,
			);
			runOnlyForDeploymentPostprocessing = 0;
		};
		DBFE8A042D599C5900835A04 /* Resources */ = {
			isa = PBXResourcesBuildPhase;
			buildActionMask = 2147483647;
			files = (
			);
			runOnlyForDeploymentPostprocessing = 0;
		};
		DBFE8A0E2D599C5900835A04 /* Resources */ = {
			isa = PBXResourcesBuildPhase;
			buildActionMask = 2147483647;
			files = (
			);
			runOnlyForDeploymentPostprocessing = 0;
		};
/* End PBXResourcesBuildPhase section */

/* Begin PBXSourcesBuildPhase section */
		DBFE89EC2D599C5700835A04 /* Sources */ = {
			isa = PBXSourcesBuildPhase;
			buildActionMask = 2147483647;
			files = (
				DBFE89F82D599C5700835A04 /* ViewController.swift in Sources */,
				DBFE89F42D599C5700835A04 /* AppDelegate.swift in Sources */,
				DBFE89F62D599C5700835A04 /* SceneDelegate.swift in Sources */,
			);
			runOnlyForDeploymentPostprocessing = 0;
		};
		DBFE8A022D599C5900835A04 /* Sources */ = {
			isa = PBXSourcesBuildPhase;
			buildActionMask = 2147483647;
			files = (
				DBFE8A0B2D599C5900835A04 /* AppPhotoListTests.swift in Sources */,
			);
			runOnlyForDeploymentPostprocessing = 0;
		};
		DBFE8A0C2D599C5900835A04 /* Sources */ = {
			isa = PBXSourcesBuildPhase;
			buildActionMask = 2147483647;
			files = (
				DBFE8A152D599C5900835A04 /* AppPhotoListUITests.swift in Sources */,
				DBFE8A172D599C5900835A04 /* AppPhotoListUITestsLaunchTests.swift in Sources */,
			);
			runOnlyForDeploymentPostprocessing = 0;
		};
/* End PBXSourcesBuildPhase section */

/* Begin PBXTargetDependency section */
		DBFE8A082D599C5900835A04 /* PBXTargetDependency */ = {
			isa = PBXTargetDependency;
			target = DBFE89EF2D599C5700835A04 /* AppPhotoList */;
			targetProxy = DBFE8A072D599C5900835A04 /* PBXContainerItemProxy */;
		};
		DBFE8A122D599C5900835A04 /* PBXTargetDependency */ = {
			isa = PBXTargetDependency;
			target = DBFE89EF2D599C5700835A04 /* AppPhotoList */;
			targetProxy = DBFE8A112D599C5900835A04 /* PBXContainerItemProxy */;
		};
/* End PBXTargetDependency section */

/* Begin PBXVariantGroup section */
		DBFE89F92D599C5700835A04 /* Main.storyboard */ = {
			isa = PBXVariantGroup;
			children = (
				DBFE89FA2D599C5700835A04 /* Base */,
			);
			name = Main.storyboard;
			sourceTree = "<group>";
		};
		DBFE89FE2D599C5800835A04 /* LaunchScreen.storyboard */ = {
			isa = PBXVariantGroup;
			children = (
				DBFE89FF2D599C5800835A04 /* Base */,
			);
			name = LaunchScreen.storyboard;
			sourceTree = "<group>";
		};
/* End PBXVariantGroup section */

/* Begin XCBuildConfiguration section */
		DBFE8A182D599C5900835A04 /* Debug */ = {
			isa = XCBuildConfiguration;
			buildSettings = {
				ALWAYS_SEARCH_USER_PATHS = NO;
				ASSETCATALOG_COMPILER_GENERATE_SWIFT_ASSET_SYMBOL_EXTENSIONS = YES;
				CLANG_ANALYZER_NONNULL = YES;
				CLANG_ANALYZER_NUMBER_OBJECT_CONVERSION = YES_AGGRESSIVE;
				CLANG_CXX_LANGUAGE_STANDARD = "gnu++20";
				CLANG_ENABLE_MODULES = YES;
				CLANG_ENABLE_OBJC_ARC = YES;
				CLANG_ENABLE_OBJC_WEAK = YES;
				CLANG_WARN_BLOCK_CAPTURE_AUTORELEASING = YES;
				CLANG_WARN_BOOL_CONVERSION = YES;
				CLANG_WARN_COMMA = YES;
				CLANG_WARN_CONSTANT_CONVERSION = YES;
				CLANG_WARN_DEPRECATED_OBJC_IMPLEMENTATIONS = YES;
				CLANG_WARN_DIRECT_OBJC_ISA_USAGE = YES_ERROR;
				CLANG_WARN_DOCUMENTATION_COMMENTS = YES;
				CLANG_WARN_EMPTY_BODY = YES;
				CLANG_WARN_ENUM_CONVERSION = YES;
				CLANG_WARN_INFINITE_RECURSION = YES;
				CLANG_WARN_INT_CONVERSION = YES;
				CLANG_WARN_NON_LITERAL_NULL_CONVERSION = YES;
				CLANG_WARN_OBJC_IMPLICIT_RETAIN_SELF = YES;
				CLANG_WARN_OBJC_LITERAL_CONVERSION = YES;
				CLANG_WARN_OBJC_ROOT_CLASS = YES_ERROR;
				CLANG_WARN_QUOTED_INCLUDE_IN_FRAMEWORK_HEADER = YES;
				CLANG_WARN_RANGE_LOOP_ANALYSIS = YES;
				CLANG_WARN_STRICT_PROTOTYPES = YES;
				CLANG_WARN_SUSPICIOUS_MOVE = YES;
				CLANG_WARN_UNGUARDED_AVAILABILITY = YES_AGGRESSIVE;
				CLANG_WARN_UNREACHABLE_CODE = YES;
				CLANG_WARN__DUPLICATE_METHOD_MATCH = YES;
				COPY_PHASE_STRIP = NO;
				DEBUG_INFORMATION_FORMAT = dwarf;
				ENABLE_STRICT_OBJC_MSGSEND = YES;
				ENABLE_TESTABILITY = YES;
				ENABLE_USER_SCRIPT_SANDBOXING = YES;
				GCC_C_LANGUAGE_STANDARD = gnu17;
				GCC_DYNAMIC_NO_PIC = NO;
				GCC_NO_COMMON_BLOCKS = YES;
				GCC_OPTIMIZATION_LEVEL = 0;
				GCC_PREPROCESSOR_DEFINITIONS = (
					"DEBUG=1",
					"$(inherited)",
				);
				GCC_WARN_64_TO_32_BIT_CONVERSION = YES;
				GCC_WARN_ABOUT_RETURN_TYPE = YES_ERROR;
				GCC_WARN_UNDECLARED_SELECTOR = YES;
				GCC_WARN_UNINITIALIZED_AUTOS = YES_AGGRESSIVE;
				GCC_WARN_UNUSED_FUNCTION = YES;
				GCC_WARN_UNUSED_VARIABLE = YES;
				IPHONEOS_DEPLOYMENT_TARGET = 17.5;
				LOCALIZATION_PREFERS_STRING_CATALOGS = YES;
				MTL_ENABLE_DEBUG_INFO = INCLUDE_SOURCE;
				MTL_FAST_MATH = YES;
				ONLY_ACTIVE_ARCH = YES;
				SDKROOT = iphoneos;
				SWIFT_ACTIVE_COMPILATION_CONDITIONS = "DEBUG $(inherited)";
				SWIFT_OPTIMIZATION_LEVEL = "-Onone";
			};
			name = Debug;
		};
		DBFE8A192D599C5900835A04 /* Release */ = {
			isa = XCBuildConfiguration;
			buildSettings = {
				ALWAYS_SEARCH_USER_PATHS = NO;
				ASSETCATALOG_COMPILER_GENERATE_SWIFT_ASSET_SYMBOL_EXTENSIONS = YES;
				CLANG_ANALYZER_NONNULL = YES;
				CLANG_ANALYZER_NUMBER_OBJECT_CONVERSION = YES_AGGRESSIVE;
				CLANG_CXX_LANGUAGE_STANDARD = "gnu++20";
				CLANG_ENABLE_MODULES = YES;
				CLANG_ENABLE_OBJC_ARC = YES;
				CLANG_ENABLE_OBJC_WEAK = YES;
				CLANG_WARN_BLOCK_CAPTURE_AUTORELEASING = YES;
				CLANG_WARN_BOOL_CONVERSION = YES;
				CLANG_WARN_COMMA = YES;
				CLANG_WARN_CONSTANT_CONVERSION = YES;
				CLANG_WARN_DEPRECATED_OBJC_IMPLEMENTATIONS = YES;
				CLANG_WARN_DIRECT_OBJC_ISA_USAGE = YES_ERROR;
				CLANG_WARN_DOCUMENTATION_COMMENTS = YES;
				CLANG_WARN_EMPTY_BODY = YES;
				CLANG_WARN_ENUM_CONVERSION = YES;
				CLANG_WARN_INFINITE_RECURSION = YES;
				CLANG_WARN_INT_CONVERSION = YES;
				CLANG_WARN_NON_LITERAL_NULL_CONVERSION = YES;
				CLANG_WARN_OBJC_IMPLICIT_RETAIN_SELF = YES;
				CLANG_WARN_OBJC_LITERAL_CONVERSION = YES;
				CLANG_WARN_OBJC_ROOT_CLASS = YES_ERROR;
				CLANG_WARN_QUOTED_INCLUDE_IN_FRAMEWORK_HEADER = YES;
				CLANG_WARN_RANGE_LOOP_ANALYSIS = YES;
				CLANG_WARN_STRICT_PROTOTYPES = YES;
				CLANG_WARN_SUSPICIOUS_MOVE = YES;
				CLANG_WARN_UNGUARDED_AVAILABILITY = YES_AGGRESSIVE;
				CLANG_WARN_UNREACHABLE_CODE = YES;
				CLANG_WARN__DUPLICATE_METHOD_MATCH = YES;
				COPY_PHASE_STRIP = NO;
				DEBUG_INFORMATION_FORMAT = "dwarf-with-dsym";
				ENABLE_NS_ASSERTIONS = NO;
				ENABLE_STRICT_OBJC_MSGSEND = YES;
				ENABLE_USER_SCRIPT_SANDBOXING = YES;
				GCC_C_LANGUAGE_STANDARD = gnu17;
				GCC_NO_COMMON_BLOCKS = YES;
				GCC_WARN_64_TO_32_BIT_CONVERSION = YES;
				GCC_WARN_ABOUT_RETURN_TYPE = YES_ERROR;
				GCC_WARN_UNDECLARED_SELECTOR = YES;
				GCC_WARN_UNINITIALIZED_AUTOS = YES_AGGRESSIVE;
				GCC_WARN_UNUSED_FUNCTION = YES;
				GCC_WARN_UNUSED_VARIABLE = YES;
				IPHONEOS_DEPLOYMENT_TARGET = 17.5;
				LOCALIZATION_PREFERS_STRING_CATALOGS = YES;
				MTL_ENABLE_DEBUG_INFO = NO;
				MTL_FAST_MATH = YES;
				SDKROOT = iphoneos;
				SWIFT_COMPILATION_MODE = wholemodule;
				VALIDATE_PRODUCT = YES;
			};
			name = Release;
		};
		DBFE8A1B2D599C5900835A04 /* Debug */ = {
			isa = XCBuildConfiguration;
			buildSettings = {
				ASSETCATALOG_COMPILER_APPICON_NAME = AppIcon;
				ASSETCATALOG_COMPILER_GLOBAL_ACCENT_COLOR_NAME = AccentColor;
				CODE_SIGN_STYLE = Automatic;
				CURRENT_PROJECT_VERSION = 1;
				DEVELOPMENT_TEAM = 4872X7XRRC;
				GENERATE_INFOPLIST_FILE = YES;
				INFOPLIST_FILE = AppPhotoList/Info.plist;
				INFOPLIST_KEY_UIApplicationSupportsIndirectInputEvents = YES;
				INFOPLIST_KEY_UILaunchStoryboardName = LaunchScreen;
				INFOPLIST_KEY_UIMainStoryboardFile = Main;
				INFOPLIST_KEY_UISupportedInterfaceOrientations_iPad = "UIInterfaceOrientationPortrait UIInterfaceOrientationPortraitUpsideDown UIInterfaceOrientationLandscapeLeft UIInterfaceOrientationLandscapeRight";
				INFOPLIST_KEY_UISupportedInterfaceOrientations_iPhone = "UIInterfaceOrientationPortrait UIInterfaceOrientationLandscapeLeft UIInterfaceOrientationLandscapeRight";
				LD_RUNPATH_SEARCH_PATHS = (
					"$(inherited)",
					"@executable_path/Frameworks",
				);
				MARKETING_VERSION = 1.0;
				PRODUCT_BUNDLE_IDENTIFIER = com.photolist.swift.AppPhotoList;
				PRODUCT_NAME = "$(TARGET_NAME)";
				SWIFT_EMIT_LOC_STRINGS = YES;
				SWIFT_VERSION = 5.0;
				TARGETED_DEVICE_FAMILY = "1,2";
			};
			name = Debug;
		};
		DBFE8A1C2D599C5900835A04 /* Release */ = {
			isa = XCBuildConfiguration;
			buildSettings = {
				ASSETCATALOG_COMPILER_APPICON_NAME = AppIcon;
				ASSETCATALOG_COMPILER_GLOBAL_ACCENT_COLOR_NAME = AccentColor;
				CODE_SIGN_STYLE = Automatic;
				CURRENT_PROJECT_VERSION = 1;
				DEVELOPMENT_TEAM = 4872X7XRRC;
				GENERATE_INFOPLIST_FILE = YES;
				INFOPLIST_FILE = AppPhotoList/Info.plist;
				INFOPLIST_KEY_UIApplicationSupportsIndirectInputEvents = YES;
				INFOPLIST_KEY_UILaunchStoryboardName = LaunchScreen;
				INFOPLIST_KEY_UIMainStoryboardFile = Main;
				INFOPLIST_KEY_UISupportedInterfaceOrientations_iPad = "UIInterfaceOrientationPortrait UIInterfaceOrientationPortraitUpsideDown UIInterfaceOrientationLandscapeLeft UIInterfaceOrientationLandscapeRight";
				INFOPLIST_KEY_UISupportedInterfaceOrientations_iPhone = "UIInterfaceOrientationPortrait UIInterfaceOrientationLandscapeLeft UIInterfaceOrientationLandscapeRight";
				LD_RUNPATH_SEARCH_PATHS = (
					"$(inherited)",
					"@executable_path/Frameworks",
				);
				MARKETING_VERSION = 1.0;
				PRODUCT_BUNDLE_IDENTIFIER = com.photolist.swift.AppPhotoList;
				PRODUCT_NAME = "$(TARGET_NAME)";
				SWIFT_EMIT_LOC_STRINGS = YES;
				SWIFT_VERSION = 5.0;
				TARGETED_DEVICE_FAMILY = "1,2";
			};
			name = Release;
		};
		DBFE8A1E2D599C5900835A04 /* Debug */ = {
			isa = XCBuildConfiguration;
			buildSettings = {
				ALWAYS_EMBED_SWIFT_STANDARD_LIBRARIES = YES;
				BUNDLE_LOADER = "$(TEST_HOST)";
				CODE_SIGN_STYLE = Automatic;
				CURRENT_PROJECT_VERSION = 1;
				DEVELOPMENT_TEAM = 4872X7XRRC;
				GENERATE_INFOPLIST_FILE = YES;
				IPHONEOS_DEPLOYMENT_TARGET = 17.5;
				MARKETING_VERSION = 1.0;
				PRODUCT_BUNDLE_IDENTIFIER = com.photolist.swift.AppPhotoListTests;
				PRODUCT_NAME = "$(TARGET_NAME)";
				SWIFT_EMIT_LOC_STRINGS = NO;
				SWIFT_VERSION = 5.0;
				TARGETED_DEVICE_FAMILY = "1,2";
				TEST_HOST = "$(BUILT_PRODUCTS_DIR)/AppPhotoList.app/$(BUNDLE_EXECUTABLE_FOLDER_PATH)/AppPhotoList";
			};
			name = Debug;
		};
		DBFE8A1F2D599C5900835A04 /* Release */ = {
			isa = XCBuildConfiguration;
			buildSettings = {
				ALWAYS_EMBED_SWIFT_STANDARD_LIBRARIES = YES;
				BUNDLE_LOADER = "$(TEST_HOST)";
				CODE_SIGN_STYLE = Automatic;
				CURRENT_PROJECT_VERSION = 1;
				DEVELOPMENT_TEAM = 4872X7XRRC;
				GENERATE_INFOPLIST_FILE = YES;
				IPHONEOS_DEPLOYMENT_TARGET = 17.5;
				MARKETING_VERSION = 1.0;
				PRODUCT_BUNDLE_IDENTIFIER = com.photolist.swift.AppPhotoListTests;
				PRODUCT_NAME = "$(TARGET_NAME)";
				SWIFT_EMIT_LOC_STRINGS = NO;
				SWIFT_VERSION = 5.0;
				TARGETED_DEVICE_FAMILY = "1,2";
				TEST_HOST = "$(BUILT_PRODUCTS_DIR)/AppPhotoList.app/$(BUNDLE_EXECUTABLE_FOLDER_PATH)/AppPhotoList";
			};
			name = Release;
		};
		DBFE8A212D599C5900835A04 /* Debug */ = {
			isa = XCBuildConfiguration;
			buildSettings = {
				ALWAYS_EMBED_SWIFT_STANDARD_LIBRARIES = YES;
				CODE_SIGN_STYLE = Automatic;
				CURRENT_PROJECT_VERSION = 1;
				DEVELOPMENT_TEAM = 4872X7XRRC;
				GENERATE_INFOPLIST_FILE = YES;
				MARKETING_VERSION = 1.0;
				PRODUCT_BUNDLE_IDENTIFIER = com.photolist.swift.AppPhotoListUITests;
				PRODUCT_NAME = "$(TARGET_NAME)";
				SWIFT_EMIT_LOC_STRINGS = NO;
				SWIFT_VERSION = 5.0;
				TARGETED_DEVICE_FAMILY = "1,2";
				TEST_TARGET_NAME = AppPhotoList;
			};
			name = Debug;
		};
		DBFE8A222D599C5900835A04 /* Release */ = {
			isa = XCBuildConfiguration;
			buildSettings = {
				ALWAYS_EMBED_SWIFT_STANDARD_LIBRARIES = YES;
				CODE_SIGN_STYLE = Automatic;
				CURRENT_PROJECT_VERSION = 1;
				DEVELOPMENT_TEAM = 4872X7XRRC;
				GENERATE_INFOPLIST_FILE = YES;
				MARKETING_VERSION = 1.0;
				PRODUCT_BUNDLE_IDENTIFIER = com.photolist.swift.AppPhotoListUITests;
				PRODUCT_NAME = "$(TARGET_NAME)";
				SWIFT_EMIT_LOC_STRINGS = NO;
				SWIFT_VERSION = 5.0;
				TARGETED_DEVICE_FAMILY = "1,2";
				TEST_TARGET_NAME = AppPhotoList;
			};
			name = Release;
		};
/* End XCBuildConfiguration section */

/* Begin XCConfigurationList section */
		DBFE89EB2D599C5700835A04 /* Build configuration list for PBXProject "AppPhotoList" */ = {
			isa = XCConfigurationList;
			buildConfigurations = (
				DBFE8A182D599C5900835A04 /* Debug */,
				DBFE8A192D599C5900835A04 /* Release */,
			);
			defaultConfigurationIsVisible = 0;
			defaultConfigurationName = Release;
		};
		DBFE8A1A2D599C5900835A04 /* Build configuration list for PBXNativeTarget "AppPhotoList" */ = {
			isa = XCConfigurationList;
			buildConfigurations = (
				DBFE8A1B2D599C5900835A04 /* Debug */,
				DBFE8A1C2D599C5900835A04 /* Release */,
			);
			defaultConfigurationIsVisible = 0;
			defaultConfigurationName = Release;
		};
		DBFE8A1D2D599C5900835A04 /* Build configuration list for PBXNativeTarget "AppPhotoListTests" */ = {
			isa = XCConfigurationList;
			buildConfigurations = (
				DBFE8A1E2D599C5900835A04 /* Debug */,
				DBFE8A1F2D599C5900835A04 /* Release */,
			);
			defaultConfigurationIsVisible = 0;
			defaultConfigurationName = Release;
		};
		DBFE8A202D599C5900835A04 /* Build configuration list for PBXNativeTarget "AppPhotoListUITests" */ = {
			isa = XCConfigurationList;
			buildConfigurations = (
				DBFE8A212D599C5900835A04 /* Debug */,
				DBFE8A222D599C5900835A04 /* Release */,
			);
			defaultConfigurationIsVisible = 0;
			defaultConfigurationName = Release;
		};
/* End XCConfigurationList section */
	};
	rootObject = DBFE89E82D599C5700835A04 /* Project object */;
}
